
Microsoft Visual Studio Solution File, Format Version 12.00
# Visual Studio Version 16
VisualStudioVersion = 16.0.31515.178
MinimumVisualStudioVersion = 10.0.40219.1
Project("{FAE04EC0-301F-11D3-BF4B-00C04F79EFBC}") = "CollectionsAndStuff", "CollectionsAndStuff.csproj", "{AADEE54F-7177-4362-8B2A-C367768F703A}"
EndProject
Global
	GlobalSection(SolutionConfigurationPlatforms) = preSolution
		Debug|Any CPU = Debug|Any CPU
		Release|Any CPU = Release|Any CPU
	EndGlobalSection
	GlobalSection(ProjectConfigurationPlatforms) = postSolution
		{AADEE54F-7177-4362-8B2A-C367768F703A}.Debug|Any CPU.ActiveCfg = Debug|Any CPU
		{AADEE54F-7177-4362-8B2A-C367768F703A}.Debug|Any CPU.Build.0 = Debug|Any CPU
		{AADEE54F-7177-4362-8B2A-C367768F703A}.Release|Any CPU.ActiveCfg = Release|Any CPU
		{AADEE54F-7177-4362-8B2A-C367768F703A}.Release|Any CPU.Build.0 = Release|Any CPU
	EndGlobalSection
	GlobalSection(SolutionProperties) = preSolution
		HideSolutionNode = FALSE
	EndGlobalSection
	GlobalSection(ExtensibilityGlobals) = postSolution
		SolutionGuid = {5D2DA5A4-2CC8-4283-8557-18205B7E0F84}
	EndGlobalSection
EndGlobal
